# @generated by Move, please check-in and do not edit manually.

[move]
version = 3
manifest_digest = "23FE974B29163F378526259DC0549A9E10E8503622A36F73CA92AE72257465A1"
deps_digest = "F8BBB0CCB2491CA29A3DF03D6F92277A4F3574266507ACD77214D37ECA3F3082"
dependencies = [
  { id = "Sui", name = "Sui" },
]

[[move.package]]
id = "MoveStdlib"
source = { git = "https://github.com/MystenLabs/sui.git", rev = "framework/testnet", subdir = "crates/sui-framework/packages/move-stdlib" }

[[move.package]]
id = "Sui"
source = { git = "https://github.com/MystenLabs/sui.git", rev = "framework/testnet", subdir = "crates/sui-framework/packages/sui-framework" }

dependencies = [
  { id = "MoveStdlib", name = "MoveStdlib" },
]

[move.toolchain-version]
compiler-version = "1.53.2"
edition = "2024.beta"
flavor = "sui"

[env]

[env.testnet]
chain-id = "4c78adac"
original-published-id = "0xb94e12661bbb311c6f5605f3f546da5b628fe439e716c43fc1e7295bbae9705d"
latest-published-id = "0xb94e12661bbb311c6f5605f3f546da5b628fe439e716c43fc1e7295bbae9705d"
published-version = "1"
