# @generated by Move, please check-in and do not edit manually.

[move]
version = 3
manifest_digest = "F530198D86EB45EF0B5451C6ED509C2365D1AFA162B56D745DEF326BE604FC4E"
deps_digest = "F8BBB0CCB2491CA29A3DF03D6F92277A4F3574266507ACD77214D37ECA3F3082"
dependencies = [
  { id = "Sui", name = "Sui" },
]

[[move.package]]
id = "MoveStdlib"
source = { git = "https://github.com/MystenLabs/sui.git", rev = "framework/testnet", subdir = "crates/sui-framework/packages/move-stdlib" }

[[move.package]]
id = "Sui"
source = { git = "https://github.com/MystenLabs/sui.git", rev = "framework/testnet", subdir = "crates/sui-framework/packages/sui-framework" }

dependencies = [
  { id = "MoveStdlib", name = "MoveStdlib" },
]

[move.toolchain-version]
compiler-version = "1.53.2"
edition = "2024.beta"
flavor = "sui"

[env]

[env.testnet]
chain-id = "4c78adac"
original-published-id = "0x4192d3079a50c93875b505774f9cec350e5f0806ce4ed8b34cb847e929713cfc"
latest-published-id = "0x4192d3079a50c93875b505774f9cec350e5f0806ce4ed8b34cb847e929713cfc"
published-version = "1"
